
Microsoft Visual Studio Solution File, Format Version 12.00
# Visual Studio Version 17
VisualStudioVersion = 17.13.35825.156 d17.13
MinimumVisualStudioVersion = 10.0.40219.1
Project("{FAE04EC0-301F-11D3-BF4B-00C04F79EFBC}") = "VIZSGA_KOROM", "VIZSGA_KOROM\VIZSGA_KOROM.csproj", "{C0CCF8A8-24C6-43C6-BF9D-7C8CAB3783A8}"
EndProject
Global
	GlobalSection(SolutionConfigurationPlatforms) = preSolution
		Debug|Any CPU = Debug|Any CPU
		Release|Any CPU = Release|Any CPU
	EndGlobalSection
	GlobalSection(ProjectConfigurationPlatforms) = postSolution
		{C0CCF8A8-24C6-43C6-BF9D-7C8CAB3783A8}.Debug|Any CPU.ActiveCfg = Debug|Any CPU
		{C0CCF8A8-24C6-43C6-BF9D-7C8CAB3783A8}.Debug|Any CPU.Build.0 = Debug|Any CPU
		{C0CCF8A8-24C6-43C6-BF9D-7C8CAB3783A8}.Release|Any CPU.ActiveCfg = Release|Any CPU
		{C0CCF8A8-24C6-43C6-BF9D-7C8CAB3783A8}.Release|Any CPU.Build.0 = Release|Any CPU
	EndGlobalSection
	GlobalSection(SolutionProperties) = preSolution
		HideSolutionNode = FALSE
	EndGlobalSection
	GlobalSection(ExtensibilityGlobals) = postSolution
		SolutionGuid = {A81EF3FA-C840-4F5A-8818-57004FDEC771}
	EndGlobalSection
EndGlobal
